
Microsoft Visual Studio Solution File, Format Version 12.00
# Visual Studio Version 17
VisualStudioVersion = 17.11.35219.272
MinimumVisualStudioVersion = 10.0.40219.1
Project("{9A19103F-16F7-4668-BE54-9A1E7A4F7556}") = "AppointmentManagementSystem", "AppointmentManagementSystem\AppointmentManagementSystem.csproj", "{7A26036C-0C7B-433D-AB56-7F2936DD6861}"
EndProject
Project("{9A19103F-16F7-4668-BE54-9A1E7A4F7556}") = "Entity", "Entity\Entity.csproj", "{DA9AA1CD-279F-45E7-97BD-C17D6B1DB007}"
EndProject
Project("{9A19103F-16F7-4668-BE54-9A1E7A4F7556}") = "Data Access Layer", "Data Access Layer\Data Access Layer.csproj", "{2074462A-450C-463D-A1C5-6F6443FC8820}"
EndProject
Project("{9A19103F-16F7-4668-BE54-9A1E7A4F7556}") = "Business", "Business\Business.csproj", "{D9080D4E-4A4D-4C36-AF44-A9A48E81969A}"
EndProject
Global
	GlobalSection(SolutionConfigurationPlatforms) = preSolution
		Debug|Any CPU = Debug|Any CPU
		Release|Any CPU = Release|Any CPU
	EndGlobalSection
	GlobalSection(ProjectConfigurationPlatforms) = postSolution
		{7A26036C-0C7B-433D-AB56-7F2936DD6861}.Debug|Any CPU.ActiveCfg = Debug|Any CPU
		{7A26036C-0C7B-433D-AB56-7F2936DD6861}.Debug|Any CPU.Build.0 = Debug|Any CPU
		{7A26036C-0C7B-433D-AB56-7F2936DD6861}.Release|Any CPU.ActiveCfg = Release|Any CPU
		{7A26036C-0C7B-433D-AB56-7F2936DD6861}.Release|Any CPU.Build.0 = Release|Any CPU
		{DA9AA1CD-279F-45E7-97BD-C17D6B1DB007}.Debug|Any CPU.ActiveCfg = Debug|Any CPU
		{DA9AA1CD-279F-45E7-97BD-C17D6B1DB007}.Debug|Any CPU.Build.0 = Debug|Any CPU
		{DA9AA1CD-279F-45E7-97BD-C17D6B1DB007}.Release|Any CPU.ActiveCfg = Release|Any CPU
		{DA9AA1CD-279F-45E7-97BD-C17D6B1DB007}.Release|Any CPU.Build.0 = Release|Any CPU
		{2074462A-450C-463D-A1C5-6F6443FC8820}.Debug|Any CPU.ActiveCfg = Debug|Any CPU
		{2074462A-450C-463D-A1C5-6F6443FC8820}.Debug|Any CPU.Build.0 = Debug|Any CPU
		{2074462A-450C-463D-A1C5-6F6443FC8820}.Release|Any CPU.ActiveCfg = Release|Any CPU
		{2074462A-450C-463D-A1C5-6F6443FC8820}.Release|Any CPU.Build.0 = Release|Any CPU
		{D9080D4E-4A4D-4C36-AF44-A9A48E81969A}.Debug|Any CPU.ActiveCfg = Debug|Any CPU
		{D9080D4E-4A4D-4C36-AF44-A9A48E81969A}.Debug|Any CPU.Build.0 = Debug|Any CPU
		{D9080D4E-4A4D-4C36-AF44-A9A48E81969A}.Release|Any CPU.ActiveCfg = Release|Any CPU
		{D9080D4E-4A4D-4C36-AF44-A9A48E81969A}.Release|Any CPU.Build.0 = Release|Any CPU
	EndGlobalSection
	GlobalSection(SolutionProperties) = preSolution
		HideSolutionNode = FALSE
	EndGlobalSection
	GlobalSection(ExtensibilityGlobals) = postSolution
		SolutionGuid = {D8BEBF8D-8190-4006-9D4D-6AEFF3587043}
	EndGlobalSection
EndGlobal
